
Microsoft Visual Studio Solution File, Format Version 12.00
# Visual Studio 14
VisualStudioVersion = 14.0.25420.1
MinimumVisualStudioVersion = 10.0.40219.1
Project("{FAE04EC0-301F-11D3-BF4B-00C04F79EFBC}") = "TheSubDBSharp.Client", "TheSubDBSharp.Client\TheSubDBSharp.Client.csproj", "{562E9B30-BB04-4CC4-B229-B43BC258A201}"
EndProject
Project("{2150E333-8FDC-42A3-9474-1A3956D46DE8}") = "Solution Items", "Solution Items", "{2A09B4BF-4B52-4644-B5FF-0A7DA0C84C17}"
	ProjectSection(SolutionItems) = preProject
		README.md = README.md
	EndProjectSection
EndProject
Project("{FAE04EC0-301F-11D3-BF4B-00C04F79EFBC}") = "TheSubDBSharp.Client.Tests", "TheSubDBSharp.Client.Tests\TheSubDBSharp.Client.Tests.csproj", "{30A23039-0941-4203-9842-F5F88FA53FE1}"
EndProject
Global
	GlobalSection(SolutionConfigurationPlatforms) = preSolution
		Debug|Any CPU = Debug|Any CPU
		Release|Any CPU = Release|Any CPU
	EndGlobalSection
	GlobalSection(ProjectConfigurationPlatforms) = postSolution
		{562E9B30-BB04-4CC4-B229-B43BC258A201}.Debug|Any CPU.ActiveCfg = Debug|Any CPU
		{562E9B30-BB04-4CC4-B229-B43BC258A201}.Debug|Any CPU.Build.0 = Debug|Any CPU
		{562E9B30-BB04-4CC4-B229-B43BC258A201}.Release|Any CPU.ActiveCfg = Release|Any CPU
		{562E9B30-BB04-4CC4-B229-B43BC258A201}.Release|Any CPU.Build.0 = Release|Any CPU
		{30A23039-0941-4203-9842-F5F88FA53FE1}.Debug|Any CPU.ActiveCfg = Debug|Any CPU
		{30A23039-0941-4203-9842-F5F88FA53FE1}.Debug|Any CPU.Build.0 = Debug|Any CPU
		{30A23039-0941-4203-9842-F5F88FA53FE1}.Release|Any CPU.ActiveCfg = Release|Any CPU
		{30A23039-0941-4203-9842-F5F88FA53FE1}.Release|Any CPU.Build.0 = Release|Any CPU
	EndGlobalSection
	GlobalSection(SolutionProperties) = preSolution
		HideSolutionNode = FALSE
	EndGlobalSection
EndGlobal
